
Microsoft Visual Studio Solution File, Format Version 12.00
# Visual Studio Version 17
VisualStudioVersion = 17.0.32014.148
MinimumVisualStudioVersion = 10.0.40219.1
Project("{8BC9CEB8-8B4A-11D0-8D11-00A0C91BC942}") = "netadaptercx-10.0.22000", "netadaptercx-10.0.22000\netadaptercx-10.0.22000.vcxproj", "{FF7B54D0-A74F-4B6C-AFBC-BB701DBD5F84}"
EndProject
Global
	GlobalSection(SolutionConfigurationPlatforms) = preSolution
		Debug|x86 = Debug|x86
	EndGlobalSection
	GlobalSection(ProjectConfigurationPlatforms) = postSolution
		{FF7B54D0-A74F-4B6C-AFBC-BB701DBD5F84}.Debug|x86.ActiveCfg = Debug|Win32
		{FF7B54D0-A74F-4B6C-AFBC-BB701DBD5F84}.Debug|x86.Build.0 = Debug|Win32
	EndGlobalSection
	GlobalSection(SolutionProperties) = preSolution
		HideSolutionNode = FALSE
	EndGlobalSection
	GlobalSection(ExtensibilityGlobals) = postSolution
		SolutionGuid = {BA459FD8-D965-4879-8780-85E08F1DC65A}
	EndGlobalSection
EndGlobal
