
Microsoft Visual Studio Solution File, Format Version 12.00
# Visual Studio Version 17
VisualStudioVersion = 17.0.31903.59
MinimumVisualStudioVersion = 10.0.40219.1
Project("{8BC9CEB8-8B4A-11D0-8D11-00A0C91BC942}") = "openssl-3.0.0", "openssl-3.0.0\openssl-3.0.0.vcxproj", "{9160D39B-E43D-412E-B1C5-EEE82FDE22CD}"
EndProject
Global
	GlobalSection(SolutionConfigurationPlatforms) = preSolution
		Debug|x86 = Debug|x86
	EndGlobalSection
	GlobalSection(ProjectConfigurationPlatforms) = postSolution
		{9160D39B-E43D-412E-B1C5-EEE82FDE22CD}.Debug|x86.ActiveCfg = Debug|Win32
		{9160D39B-E43D-412E-B1C5-EEE82FDE22CD}.Debug|x86.Build.0 = Debug|Win32
	EndGlobalSection
	GlobalSection(SolutionProperties) = preSolution
		HideSolutionNode = FALSE
	EndGlobalSection
	GlobalSection(ExtensibilityGlobals) = postSolution
		SolutionGuid = {E345BC37-F9AC-40E2-9092-44472978D694}
	EndGlobalSection
EndGlobal
