<?xml version="1.0" encoding="utf-8"?>
<Project ToolsVersion="4.0" xmlns="http://schemas.microsoft.com/developer/msbuild/2003">
  <ItemGroup>
    <Filter Include="src">
      <UniqueIdentifier>{1CCCD208-81FF-4602-AE59-4BA2E004847D}</UniqueIdentifier>
    </Filter>
    <Filter Include="src\.github">
      <UniqueIdentifier>{C34A219D-9D85-4C17-907F-D77B647AC6C3}</UniqueIdentifier>
    </Filter>
    <Filter Include="src\.github\workflows">
      <UniqueIdentifier>{6F800112-4967-4F16-9197-673CF8A01D7D}</UniqueIdentifier>
    </Filter>
    <Filter Include="src\.travis">
      <UniqueIdentifier>{AB4FBAAD-852D-4570-81D2-E95075110B84}</UniqueIdentifier>
    </Filter>
    <Filter Include="src\build">
      <UniqueIdentifier>{202581F3-994E-4BF9-B3EF-7B3DA092F3F3}</UniqueIdentifier>
    </Filter>
    <Filter Include="src\build\msvc">
      <UniqueIdentifier>{FDFEC796-457F-407D-BA41-29875AE9F198}</UniqueIdentifier>
    </Filter>
    <Filter Include="src\build\msvc\msvc-generate">
      <UniqueIdentifier>{849B6EC1-2C74-4AC1-A1BE-F645EE2AAD98}</UniqueIdentifier>
    </Filter>
    <Filter Include="src\contrib">
      <UniqueIdentifier>{10AAD666-7CC2-4833-8779-AFF5E85C4B46}</UniqueIdentifier>
    </Filter>
    <Filter Include="src\contrib\OCSP_check">
      <UniqueIdentifier>{1B480BE3-E4AC-4C96-A579-6792F797DE21}</UniqueIdentifier>
    </Filter>
    <Filter Include="src\contrib\openvpn-fwmarkroute-1.00">
      <UniqueIdentifier>{442164E6-6483-47DA-BCED-E7A452560727}</UniqueIdentifier>
    </Filter>
    <Filter Include="src\contrib\pull-resolv-conf">
      <UniqueIdentifier>{5A872CA7-FAA8-4E48-A94E-638318C5688F}</UniqueIdentifier>
    </Filter>
    <Filter Include="src\contrib\vcpkg-ports">
      <UniqueIdentifier>{8E783EA7-2FD6-4F5C-B8D0-80CA3D629C79}</UniqueIdentifier>
    </Filter>
    <Filter Include="src\contrib\vcpkg-ports\openssl">
      <UniqueIdentifier>{3A97D076-3241-4E9B-BC14-260DC98485F5}</UniqueIdentifier>
    </Filter>
    <Filter Include="src\contrib\vcpkg-ports\openssl\windows">
      <UniqueIdentifier>{10A8865D-0682-4CBD-9994-7C6CE8863A87}</UniqueIdentifier>
    </Filter>
    <Filter Include="src\contrib\vcpkg-ports\pkcs11-helper">
      <UniqueIdentifier>{0C6A6DFB-4967-4442-94F5-907AB313F86A}</UniqueIdentifier>
    </Filter>
    <Filter Include="src\contrib\vcpkg-triplets">
      <UniqueIdentifier>{7EE68BFC-F04E-4871-A5FF-C48DADC35EE9}</UniqueIdentifier>
    </Filter>
    <Filter Include="src\debug">
      <UniqueIdentifier>{344B1458-5A18-4792-9D06-7EA091E721BE}</UniqueIdentifier>
    </Filter>
    <Filter Include="src\dev-tools">
      <UniqueIdentifier>{745CED0A-0B78-4E90-BB76-6A6C9664B370}</UniqueIdentifier>
    </Filter>
    <Filter Include="src\dev-tools\reformat-patches">
      <UniqueIdentifier>{AC416B5A-259F-4FC0-B3FE-733F3CDD452D}</UniqueIdentifier>
    </Filter>
    <Filter Include="src\distro">
      <UniqueIdentifier>{D11B5D60-393C-4210-80F1-B52D6A093335}</UniqueIdentifier>
    </Filter>
    <Filter Include="src\distro\systemd">
      <UniqueIdentifier>{FD298BD0-9192-4FEB-8F64-3909BB55C420}</UniqueIdentifier>
    </Filter>
    <Filter Include="src\doc">
      <UniqueIdentifier>{7E6B4C09-3679-4643-B454-6B8631CBF428}</UniqueIdentifier>
    </Filter>
    <Filter Include="src\doc\doxygen">
      <UniqueIdentifier>{47A48FE4-81F2-4723-BB87-5B6B4C032047}</UniqueIdentifier>
    </Filter>
    <Filter Include="src\doc\man-sections">
      <UniqueIdentifier>{D4B92E07-04B1-4014-B6E1-9B878F5047E6}</UniqueIdentifier>
    </Filter>
    <Filter Include="src\doc\tests">
      <UniqueIdentifier>{8FBAE2DC-C8AA-48DC-A5BF-662DA3EAA514}</UniqueIdentifier>
    </Filter>
    <Filter Include="src\include">
      <UniqueIdentifier>{85D642B3-176E-4A8B-9624-80FFB9355AF1}</UniqueIdentifier>
    </Filter>
    <Filter Include="src\m4">
      <UniqueIdentifier>{AD50A2D6-20A9-443C-8B38-2E129DCBC2EB}</UniqueIdentifier>
    </Filter>
    <Filter Include="src\sample">
      <UniqueIdentifier>{59637720-07CF-4758-A1D9-EB2E3DB9F0F6}</UniqueIdentifier>
    </Filter>
    <Filter Include="src\sample\sample-config-files">
      <UniqueIdentifier>{3C28E7C6-D0C5-4D90-AD71-08D8E5907966}</UniqueIdentifier>
    </Filter>
    <Filter Include="src\sample\sample-keys">
      <UniqueIdentifier>{74928044-0F1F-4BFD-A8F5-733F60E48F00}</UniqueIdentifier>
    </Filter>
    <Filter Include="src\sample\sample-plugins">
      <UniqueIdentifier>{F7CEB237-D28C-4628-BC5D-A43B573A8F81}</UniqueIdentifier>
    </Filter>
    <Filter Include="src\sample\sample-plugins\client-connect">
      <UniqueIdentifier>{586BCD6A-8BFD-4E20-BB5B-4E56782A1C6B}</UniqueIdentifier>
    </Filter>
    <Filter Include="src\sample\sample-plugins\defer">
      <UniqueIdentifier>{79561D23-66F1-41B8-8EC6-C7680254EF36}</UniqueIdentifier>
    </Filter>
    <Filter Include="src\sample\sample-plugins\keying-material-exporter-demo">
      <UniqueIdentifier>{DA03EC57-3EA2-4371-8C1B-BCAFFE82F885}</UniqueIdentifier>
    </Filter>
    <Filter Include="src\sample\sample-plugins\log">
      <UniqueIdentifier>{30BB1723-AE13-48A8-8E40-CD170554870D}</UniqueIdentifier>
    </Filter>
    <Filter Include="src\sample\sample-plugins\simple">
      <UniqueIdentifier>{F7EB3572-F2EC-47E1-A176-99284F09F090}</UniqueIdentifier>
    </Filter>
    <Filter Include="src\sample\sample-scripts">
      <UniqueIdentifier>{EC29B3D0-14B7-48AB-92C4-16CD201B2180}</UniqueIdentifier>
    </Filter>
    <Filter Include="src\sample\sample-windows">
      <UniqueIdentifier>{1C22209A-65FE-442A-A1FF-AE663E610CE0}</UniqueIdentifier>
    </Filter>
    <Filter Include="src\src">
      <UniqueIdentifier>{D03E7A48-B89B-4C18-9FDD-0C72B77DB7A7}</UniqueIdentifier>
    </Filter>
    <Filter Include="src\src\compat">
      <UniqueIdentifier>{FABDD271-484E-4998-B9DA-D5DB1C51C1C3}</UniqueIdentifier>
    </Filter>
    <Filter Include="src\src\openvpn">
      <UniqueIdentifier>{3C42B0BF-6592-4DBB-AC49-3A9ED0A3B45F}</UniqueIdentifier>
    </Filter>
    <Filter Include="src\src\openvpnmsica">
      <UniqueIdentifier>{9AFA62AD-551E-4871-AAA8-D152940BDA35}</UniqueIdentifier>
    </Filter>
    <Filter Include="src\src\openvpnserv">
      <UniqueIdentifier>{6E9D55C5-E581-4C93-BD83-B69D5E9D4C6F}</UniqueIdentifier>
    </Filter>
    <Filter Include="src\src\plugins">
      <UniqueIdentifier>{502F8B25-5BB2-4E0C-B82A-CDF3CC1B6B12}</UniqueIdentifier>
    </Filter>
    <Filter Include="src\src\plugins\auth-pam">
      <UniqueIdentifier>{A18102A6-B556-43A8-8D2E-E2363F424E0A}</UniqueIdentifier>
    </Filter>
    <Filter Include="src\src\plugins\down-root">
      <UniqueIdentifier>{D2D63A0B-91A5-476C-9C96-BFC6CEB1B41E}</UniqueIdentifier>
    </Filter>
    <Filter Include="src\src\tapctl">
      <UniqueIdentifier>{2A6E76A1-A618-43B7-9D9C-57E2C042AB39}</UniqueIdentifier>
    </Filter>
    <Filter Include="src\tests">
      <UniqueIdentifier>{A7214586-E62A-47EF-B474-8505D6A2B516}</UniqueIdentifier>
    </Filter>
    <Filter Include="src\tests\unit_tests">
      <UniqueIdentifier>{E7A8FCBA-FC0F-416A-B19C-5CC798BB795D}</UniqueIdentifier>
    </Filter>
    <Filter Include="src\tests\unit_tests\engine-key">
      <UniqueIdentifier>{67DE1B7F-C188-44DE-9A23-E490B2942A98}</UniqueIdentifier>
    </Filter>
    <Filter Include="src\tests\unit_tests\example_test">
      <UniqueIdentifier>{BE21BA85-A7A4-47FD-9974-474D799221E8}</UniqueIdentifier>
    </Filter>
    <Filter Include="src\tests\unit_tests\openvpn">
      <UniqueIdentifier>{5BD5219B-1DB2-4BA4-80A6-7E6322FA1D26}</UniqueIdentifier>
    </Filter>
    <Filter Include="src\tests\unit_tests\plugins">
      <UniqueIdentifier>{012DEE28-9F9C-416F-94F2-3C27B0AC22CA}</UniqueIdentifier>
    </Filter>
    <Filter Include="src\tests\unit_tests\plugins\auth-pam">
      <UniqueIdentifier>{270F8F76-E782-4B01-A4AB-0A07217AF5B5}</UniqueIdentifier>
    </Filter>

  </ItemGroup>
  <ItemGroup>
    <ClInclude Include="src\doc\doxygen\doc_compression.h">
      <Filter>src\doc\doxygen</Filter>
    </ClInclude>
    <ClInclude Include="src\doc\doxygen\doc_control_processor.h">
      <Filter>src\doc\doxygen</Filter>
    </ClInclude>
    <ClInclude Include="src\doc\doxygen\doc_control_tls.h">
      <Filter>src\doc\doxygen</Filter>
    </ClInclude>
    <ClInclude Include="src\doc\doxygen\doc_data_control.h">
      <Filter>src\doc\doxygen</Filter>
    </ClInclude>
    <ClInclude Include="src\doc\doxygen\doc_data_crypto.h">
      <Filter>src\doc\doxygen</Filter>
    </ClInclude>
    <ClInclude Include="src\doc\doxygen\doc_eventloop.h">
      <Filter>src\doc\doxygen</Filter>
    </ClInclude>
    <ClInclude Include="src\doc\doxygen\doc_external_multiplexer.h">
      <Filter>src\doc\doxygen</Filter>
    </ClInclude>
    <ClInclude Include="src\doc\doxygen\doc_fragmentation.h">
      <Filter>src\doc\doxygen</Filter>
    </ClInclude>
    <ClInclude Include="src\doc\doxygen\doc_internal_multiplexer.h">
      <Filter>src\doc\doxygen</Filter>
    </ClInclude>
    <ClInclude Include="src\doc\doxygen\doc_key_generation.h">
      <Filter>src\doc\doxygen</Filter>
    </ClInclude>
    <ClInclude Include="src\doc\doxygen\doc_mainpage.h">
      <Filter>src\doc\doxygen</Filter>
    </ClInclude>
    <ClInclude Include="src\doc\doxygen\doc_memory_management.h">
      <Filter>src\doc\doxygen</Filter>
    </ClInclude>
    <ClInclude Include="src\doc\doxygen\doc_protocol_overview.h">
      <Filter>src\doc\doxygen</Filter>
    </ClInclude>
    <ClInclude Include="src\doc\doxygen\doc_reliable.h">
      <Filter>src\doc\doxygen</Filter>
    </ClInclude>
    <ClInclude Include="src\doc\doxygen\doc_tunnel_state.h">
      <Filter>src\doc\doxygen</Filter>
    </ClInclude>
    <ClInclude Include="src\include\openvpn-msg.h">
      <Filter>src\include</Filter>
    </ClInclude>
    <ClInclude Include="src\src\compat\compat.h">
      <Filter>src\src\compat</Filter>
    </ClInclude>
    <ClInclude Include="src\src\compat\compat-lz4.h">
      <Filter>src\src\compat</Filter>
    </ClInclude>
    <ClInclude Include="src\src\compat\compat-versionhelpers.h">
      <Filter>src\src\compat</Filter>
    </ClInclude>
    <ClInclude Include="src\src\openvpn\argv.h">
      <Filter>src\src\openvpn</Filter>
    </ClInclude>
    <ClInclude Include="src\src\openvpn\auth_token.h">
      <Filter>src\src\openvpn</Filter>
    </ClInclude>
    <ClInclude Include="src\src\openvpn\base64.h">
      <Filter>src\src\openvpn</Filter>
    </ClInclude>
    <ClInclude Include="src\src\openvpn\basic.h">
      <Filter>src\src\openvpn</Filter>
    </ClInclude>
    <ClInclude Include="src\src\openvpn\block_dns.h">
      <Filter>src\src\openvpn</Filter>
    </ClInclude>
    <ClInclude Include="src\src\openvpn\buffer.h">
      <Filter>src\src\openvpn</Filter>
    </ClInclude>
    <ClInclude Include="src\src\openvpn\circ_list.h">
      <Filter>src\src\openvpn</Filter>
    </ClInclude>
    <ClInclude Include="src\src\openvpn\clinat.h">
      <Filter>src\src\openvpn</Filter>
    </ClInclude>
    <ClInclude Include="src\src\openvpn\common.h">
      <Filter>src\src\openvpn</Filter>
    </ClInclude>
    <ClInclude Include="src\src\openvpn\comp.h">
      <Filter>src\src\openvpn</Filter>
    </ClInclude>
    <ClInclude Include="src\src\openvpn\comp-lz4.h">
      <Filter>src\src\openvpn</Filter>
    </ClInclude>
    <ClInclude Include="src\src\openvpn\console.h">
      <Filter>src\src\openvpn</Filter>
    </ClInclude>
    <ClInclude Include="src\src\openvpn\crypto.h">
      <Filter>src\src\openvpn</Filter>
    </ClInclude>
    <ClInclude Include="src\src\openvpn\crypto_backend.h">
      <Filter>src\src\openvpn</Filter>
    </ClInclude>
    <ClInclude Include="src\src\openvpn\crypto_mbedtls.h">
      <Filter>src\src\openvpn</Filter>
    </ClInclude>
    <ClInclude Include="src\src\openvpn\crypto_openssl.h">
      <Filter>src\src\openvpn</Filter>
    </ClInclude>
    <ClInclude Include="src\src\openvpn\cryptoapi.h">
      <Filter>src\src\openvpn</Filter>
    </ClInclude>
    <ClInclude Include="src\src\openvpn\dhcp.h">
      <Filter>src\src\openvpn</Filter>
    </ClInclude>
    <ClInclude Include="src\src\openvpn\env_set.h">
      <Filter>src\src\openvpn</Filter>
    </ClInclude>
    <ClInclude Include="src\src\openvpn\errlevel.h">
      <Filter>src\src\openvpn</Filter>
    </ClInclude>
    <ClInclude Include="src\src\openvpn\error.h">
      <Filter>src\src\openvpn</Filter>
    </ClInclude>
    <ClInclude Include="src\src\openvpn\event.h">
      <Filter>src\src\openvpn</Filter>
    </ClInclude>
    <ClInclude Include="src\src\openvpn\fdmisc.h">
      <Filter>src\src\openvpn</Filter>
    </ClInclude>
    <ClInclude Include="src\src\openvpn\forward.h">
      <Filter>src\src\openvpn</Filter>
    </ClInclude>
    <ClInclude Include="src\src\openvpn\fragment.h">
      <Filter>src\src\openvpn</Filter>
    </ClInclude>
    <ClInclude Include="src\src\openvpn\gremlin.h">
      <Filter>src\src\openvpn</Filter>
    </ClInclude>
    <ClInclude Include="src\src\openvpn\helper.h">
      <Filter>src\src\openvpn</Filter>
    </ClInclude>
    <ClInclude Include="src\src\openvpn\httpdigest.h">
      <Filter>src\src\openvpn</Filter>
    </ClInclude>
    <ClInclude Include="src\src\openvpn\init.h">
      <Filter>src\src\openvpn</Filter>
    </ClInclude>
    <ClInclude Include="src\src\openvpn\integer.h">
      <Filter>src\src\openvpn</Filter>
    </ClInclude>
    <ClInclude Include="src\src\openvpn\interval.h">
      <Filter>src\src\openvpn</Filter>
    </ClInclude>
    <ClInclude Include="src\src\openvpn\list.h">
      <Filter>src\src\openvpn</Filter>
    </ClInclude>
    <ClInclude Include="src\src\openvpn\lladdr.h">
      <Filter>src\src\openvpn</Filter>
    </ClInclude>
    <ClInclude Include="src\src\openvpn\lzo.h">
      <Filter>src\src\openvpn</Filter>
    </ClInclude>
    <ClInclude Include="src\src\openvpn\manage.h">
      <Filter>src\src\openvpn</Filter>
    </ClInclude>
    <ClInclude Include="src\src\openvpn\mbuf.h">
      <Filter>src\src\openvpn</Filter>
    </ClInclude>
    <ClInclude Include="src\src\openvpn\memdbg.h">
      <Filter>src\src\openvpn</Filter>
    </ClInclude>
    <ClInclude Include="src\src\openvpn\misc.h">
      <Filter>src\src\openvpn</Filter>
    </ClInclude>
    <ClInclude Include="src\src\openvpn\mroute.h">
      <Filter>src\src\openvpn</Filter>
    </ClInclude>
    <ClInclude Include="src\src\openvpn\mss.h">
      <Filter>src\src\openvpn</Filter>
    </ClInclude>
    <ClInclude Include="src\src\openvpn\mstats.h">
      <Filter>src\src\openvpn</Filter>
    </ClInclude>
    <ClInclude Include="src\src\openvpn\mtcp.h">
      <Filter>src\src\openvpn</Filter>
    </ClInclude>
    <ClInclude Include="src\src\openvpn\mtu.h">
      <Filter>src\src\openvpn</Filter>
    </ClInclude>
    <ClInclude Include="src\src\openvpn\mudp.h">
      <Filter>src\src\openvpn</Filter>
    </ClInclude>
    <ClInclude Include="src\src\openvpn\multi.h">
      <Filter>src\src\openvpn</Filter>
    </ClInclude>
    <ClInclude Include="src\src\openvpn\networking.h">
      <Filter>src\src\openvpn</Filter>
    </ClInclude>
    <ClInclude Include="src\src\openvpn\networking_iproute2.h">
      <Filter>src\src\openvpn</Filter>
    </ClInclude>
    <ClInclude Include="src\src\openvpn\networking_sitnl.h">
      <Filter>src\src\openvpn</Filter>
    </ClInclude>
    <ClInclude Include="src\src\openvpn\ntlm.h">
      <Filter>src\src\openvpn</Filter>
    </ClInclude>
    <ClInclude Include="src\src\openvpn\occ.h">
      <Filter>src\src\openvpn</Filter>
    </ClInclude>
    <ClInclude Include="src\src\openvpn\openssl_compat.h">
      <Filter>src\src\openvpn</Filter>
    </ClInclude>
    <ClInclude Include="src\src\openvpn\openvpn.h">
      <Filter>src\src\openvpn</Filter>
    </ClInclude>
    <ClInclude Include="src\src\openvpn\options.h">
      <Filter>src\src\openvpn</Filter>
    </ClInclude>
    <ClInclude Include="src\src\openvpn\otime.h">
      <Filter>src\src\openvpn</Filter>
    </ClInclude>
    <ClInclude Include="src\src\openvpn\packet_id.h">
      <Filter>src\src\openvpn</Filter>
    </ClInclude>
    <ClInclude Include="src\src\openvpn\perf.h">
      <Filter>src\src\openvpn</Filter>
    </ClInclude>
    <ClInclude Include="src\src\openvpn\pf.h">
      <Filter>src\src\openvpn</Filter>
    </ClInclude>
    <ClInclude Include="src\src\openvpn\ping.h">
      <Filter>src\src\openvpn</Filter>
    </ClInclude>
    <ClInclude Include="src\src\openvpn\pkcs11.h">
      <Filter>src\src\openvpn</Filter>
    </ClInclude>
    <ClInclude Include="src\src\openvpn\pkcs11_backend.h">
      <Filter>src\src\openvpn</Filter>
    </ClInclude>
    <ClInclude Include="src\src\openvpn\platform.h">
      <Filter>src\src\openvpn</Filter>
    </ClInclude>
    <ClInclude Include="src\src\openvpn\plugin.h">
      <Filter>src\src\openvpn</Filter>
    </ClInclude>
    <ClInclude Include="src\src\openvpn\pool.h">
      <Filter>src\src\openvpn</Filter>
    </ClInclude>
    <ClInclude Include="src\src\openvpn\proto.h">
      <Filter>src\src\openvpn</Filter>
    </ClInclude>
    <ClInclude Include="src\src\openvpn\proxy.h">
      <Filter>src\src\openvpn</Filter>
    </ClInclude>
    <ClInclude Include="src\src\openvpn\ps.h">
      <Filter>src\src\openvpn</Filter>
    </ClInclude>
    <ClInclude Include="src\src\openvpn\push.h">
      <Filter>src\src\openvpn</Filter>
    </ClInclude>
    <ClInclude Include="src\src\openvpn\pushlist.h">
      <Filter>src\src\openvpn</Filter>
    </ClInclude>
    <ClInclude Include="src\src\openvpn\reliable.h">
      <Filter>src\src\openvpn</Filter>
    </ClInclude>
    <ClInclude Include="src\src\openvpn\ring_buffer.h">
      <Filter>src\src\openvpn</Filter>
    </ClInclude>
    <ClInclude Include="src\src\openvpn\route.h">
      <Filter>src\src\openvpn</Filter>
    </ClInclude>
    <ClInclude Include="src\src\openvpn\run_command.h">
      <Filter>src\src\openvpn</Filter>
    </ClInclude>
    <ClInclude Include="src\src\openvpn\schedule.h">
      <Filter>src\src\openvpn</Filter>
    </ClInclude>
    <ClInclude Include="src\src\openvpn\session_id.h">
      <Filter>src\src\openvpn</Filter>
    </ClInclude>
    <ClInclude Include="src\src\openvpn\shaper.h">
      <Filter>src\src\openvpn</Filter>
    </ClInclude>
    <ClInclude Include="src\src\openvpn\sig.h">
      <Filter>src\src\openvpn</Filter>
    </ClInclude>
    <ClInclude Include="src\src\openvpn\socket.h">
      <Filter>src\src\openvpn</Filter>
    </ClInclude>
    <ClInclude Include="src\src\openvpn\socks.h">
      <Filter>src\src\openvpn</Filter>
    </ClInclude>
    <ClInclude Include="src\src\openvpn\ssl.h">
      <Filter>src\src\openvpn</Filter>
    </ClInclude>
    <ClInclude Include="src\src\openvpn\ssl_backend.h">
      <Filter>src\src\openvpn</Filter>
    </ClInclude>
    <ClInclude Include="src\src\openvpn\ssl_common.h">
      <Filter>src\src\openvpn</Filter>
    </ClInclude>
    <ClInclude Include="src\src\openvpn\ssl_mbedtls.h">
      <Filter>src\src\openvpn</Filter>
    </ClInclude>
    <ClInclude Include="src\src\openvpn\ssl_ncp.h">
      <Filter>src\src\openvpn</Filter>
    </ClInclude>
    <ClInclude Include="src\src\openvpn\ssl_openssl.h">
      <Filter>src\src\openvpn</Filter>
    </ClInclude>
    <ClInclude Include="src\src\openvpn\ssl_verify.h">
      <Filter>src\src\openvpn</Filter>
    </ClInclude>
    <ClInclude Include="src\src\openvpn\ssl_verify_backend.h">
      <Filter>src\src\openvpn</Filter>
    </ClInclude>
    <ClInclude Include="src\src\openvpn\ssl_verify_mbedtls.h">
      <Filter>src\src\openvpn</Filter>
    </ClInclude>
    <ClInclude Include="src\src\openvpn\ssl_verify_openssl.h">
      <Filter>src\src\openvpn</Filter>
    </ClInclude>
    <ClInclude Include="src\src\openvpn\status.h">
      <Filter>src\src\openvpn</Filter>
    </ClInclude>
    <ClInclude Include="src\src\openvpn\syshead.h">
      <Filter>src\src\openvpn</Filter>
    </ClInclude>
    <ClInclude Include="src\src\openvpn\tls_crypt.h">
      <Filter>src\src\openvpn</Filter>
    </ClInclude>
    <ClInclude Include="src\src\openvpn\tun.h">
      <Filter>src\src\openvpn</Filter>
    </ClInclude>
    <ClInclude Include="src\src\openvpn\vlan.h">
      <Filter>src\src\openvpn</Filter>
    </ClInclude>
    <ClInclude Include="src\src\openvpn\win32.h">
      <Filter>src\src\openvpn</Filter>
    </ClInclude>
    <ClInclude Include="src\src\openvpnmsica\msica_arg.h">
      <Filter>src\src\openvpnmsica</Filter>
    </ClInclude>
    <ClInclude Include="src\src\openvpnmsica\msiex.h">
      <Filter>src\src\openvpnmsica</Filter>
    </ClInclude>
    <ClInclude Include="src\src\openvpnmsica\openvpnmsica.h">
      <Filter>src\src\openvpnmsica</Filter>
    </ClInclude>
    <ClInclude Include="src\src\openvpnserv\service.h">
      <Filter>src\src\openvpnserv</Filter>
    </ClInclude>
    <ClInclude Include="src\src\openvpnserv\validate.h">
      <Filter>src\src\openvpnserv</Filter>
    </ClInclude>
    <ClInclude Include="src\src\plugins\auth-pam\pamdl.h">
      <Filter>src\src\plugins\auth-pam</Filter>
    </ClInclude>
    <ClInclude Include="src\src\plugins\auth-pam\utils.h">
      <Filter>src\src\plugins\auth-pam</Filter>
    </ClInclude>
    <ClInclude Include="src\src\tapctl\basic.h">
      <Filter>src\src\tapctl</Filter>
    </ClInclude>
    <ClInclude Include="src\src\tapctl\error.h">
      <Filter>src\src\tapctl</Filter>
    </ClInclude>
    <ClInclude Include="src\src\tapctl\tap.h">
      <Filter>src\src\tapctl</Filter>
    </ClInclude>
    <ClInclude Include="src\tests\unit_tests\openvpn\mock_msg.h">
      <Filter>src\tests\unit_tests\openvpn</Filter>
    </ClInclude>
    <ClInclude Include="src\config-msvc.h">
      <Filter>src</Filter>
    </ClInclude>

  </ItemGroup>
  <ItemGroup>
    <ClCompile Include="src\sample\sample-plugins\client-connect\sample-client-connect.c">
      <Filter>src\sample\sample-plugins\client-connect</Filter>
    </ClCompile>
    <ClCompile Include="src\sample\sample-plugins\defer\multi-auth.c">
      <Filter>src\sample\sample-plugins\defer</Filter>
    </ClCompile>
    <ClCompile Include="src\sample\sample-plugins\defer\simple.c">
      <Filter>src\sample\sample-plugins\defer</Filter>
    </ClCompile>
    <ClCompile Include="src\sample\sample-plugins\keying-material-exporter-demo\keyingmaterialexporter.c">
      <Filter>src\sample\sample-plugins\keying-material-exporter-demo</Filter>
    </ClCompile>
    <ClCompile Include="src\sample\sample-plugins\log\log.c">
      <Filter>src\sample\sample-plugins\log</Filter>
    </ClCompile>
    <ClCompile Include="src\sample\sample-plugins\log\log_v3.c">
      <Filter>src\sample\sample-plugins\log</Filter>
    </ClCompile>
    <ClCompile Include="src\sample\sample-plugins\simple\base64.c">
      <Filter>src\sample\sample-plugins\simple</Filter>
    </ClCompile>
    <ClCompile Include="src\sample\sample-plugins\simple\simple.c">
      <Filter>src\sample\sample-plugins\simple</Filter>
    </ClCompile>
    <ClCompile Include="src\src\compat\compat-basename.c">
      <Filter>src\src\compat</Filter>
    </ClCompile>
    <ClCompile Include="src\src\compat\compat-daemon.c">
      <Filter>src\src\compat</Filter>
    </ClCompile>
    <ClCompile Include="src\src\compat\compat-dirname.c">
      <Filter>src\src\compat</Filter>
    </ClCompile>
    <ClCompile Include="src\src\compat\compat-gettimeofday.c">
      <Filter>src\src\compat</Filter>
    </ClCompile>
    <ClCompile Include="src\src\compat\compat-inet_ntop.c">
      <Filter>src\src\compat</Filter>
    </ClCompile>
    <ClCompile Include="src\src\compat\compat-inet_pton.c">
      <Filter>src\src\compat</Filter>
    </ClCompile>
    <ClCompile Include="src\src\compat\compat-lz4.c">
      <Filter>src\src\compat</Filter>
    </ClCompile>
    <ClCompile Include="src\src\compat\compat-strsep.c">
      <Filter>src\src\compat</Filter>
    </ClCompile>
    <ClCompile Include="src\src\openvpn\argv.c">
      <Filter>src\src\openvpn</Filter>
    </ClCompile>
    <ClCompile Include="src\src\openvpn\auth_token.c">
      <Filter>src\src\openvpn</Filter>
    </ClCompile>
    <ClCompile Include="src\src\openvpn\base64.c">
      <Filter>src\src\openvpn</Filter>
    </ClCompile>
    <ClCompile Include="src\src\openvpn\block_dns.c">
      <Filter>src\src\openvpn</Filter>
    </ClCompile>
    <ClCompile Include="src\src\openvpn\buffer.c">
      <Filter>src\src\openvpn</Filter>
    </ClCompile>
    <ClCompile Include="src\src\openvpn\clinat.c">
      <Filter>src\src\openvpn</Filter>
    </ClCompile>
    <ClCompile Include="src\src\openvpn\comp.c">
      <Filter>src\src\openvpn</Filter>
    </ClCompile>
    <ClCompile Include="src\src\openvpn\comp-lz4.c">
      <Filter>src\src\openvpn</Filter>
    </ClCompile>
    <ClCompile Include="src\src\openvpn\compstub.c">
      <Filter>src\src\openvpn</Filter>
    </ClCompile>
    <ClCompile Include="src\src\openvpn\console.c">
      <Filter>src\src\openvpn</Filter>
    </ClCompile>
    <ClCompile Include="src\src\openvpn\console_builtin.c">
      <Filter>src\src\openvpn</Filter>
    </ClCompile>
    <ClCompile Include="src\src\openvpn\console_systemd.c">
      <Filter>src\src\openvpn</Filter>
    </ClCompile>
    <ClCompile Include="src\src\openvpn\crypto.c">
      <Filter>src\src\openvpn</Filter>
    </ClCompile>
    <ClCompile Include="src\src\openvpn\crypto_mbedtls.c">
      <Filter>src\src\openvpn</Filter>
    </ClCompile>
    <ClCompile Include="src\src\openvpn\crypto_openssl.c">
      <Filter>src\src\openvpn</Filter>
    </ClCompile>
    <ClCompile Include="src\src\openvpn\cryptoapi.c">
      <Filter>src\src\openvpn</Filter>
    </ClCompile>
    <ClCompile Include="src\src\openvpn\dhcp.c">
      <Filter>src\src\openvpn</Filter>
    </ClCompile>
    <ClCompile Include="src\src\openvpn\env_set.c">
      <Filter>src\src\openvpn</Filter>
    </ClCompile>
    <ClCompile Include="src\src\openvpn\error.c">
      <Filter>src\src\openvpn</Filter>
    </ClCompile>
    <ClCompile Include="src\src\openvpn\event.c">
      <Filter>src\src\openvpn</Filter>
    </ClCompile>
    <ClCompile Include="src\src\openvpn\fdmisc.c">
      <Filter>src\src\openvpn</Filter>
    </ClCompile>
    <ClCompile Include="src\src\openvpn\forward.c">
      <Filter>src\src\openvpn</Filter>
    </ClCompile>
    <ClCompile Include="src\src\openvpn\fragment.c">
      <Filter>src\src\openvpn</Filter>
    </ClCompile>
    <ClCompile Include="src\src\openvpn\gremlin.c">
      <Filter>src\src\openvpn</Filter>
    </ClCompile>
    <ClCompile Include="src\src\openvpn\helper.c">
      <Filter>src\src\openvpn</Filter>
    </ClCompile>
    <ClCompile Include="src\src\openvpn\httpdigest.c">
      <Filter>src\src\openvpn</Filter>
    </ClCompile>
    <ClCompile Include="src\src\openvpn\init.c">
      <Filter>src\src\openvpn</Filter>
    </ClCompile>
    <ClCompile Include="src\src\openvpn\interval.c">
      <Filter>src\src\openvpn</Filter>
    </ClCompile>
    <ClCompile Include="src\src\openvpn\list.c">
      <Filter>src\src\openvpn</Filter>
    </ClCompile>
    <ClCompile Include="src\src\openvpn\lladdr.c">
      <Filter>src\src\openvpn</Filter>
    </ClCompile>
    <ClCompile Include="src\src\openvpn\lzo.c">
      <Filter>src\src\openvpn</Filter>
    </ClCompile>
    <ClCompile Include="src\src\openvpn\manage.c">
      <Filter>src\src\openvpn</Filter>
    </ClCompile>
    <ClCompile Include="src\src\openvpn\mbuf.c">
      <Filter>src\src\openvpn</Filter>
    </ClCompile>
    <ClCompile Include="src\src\openvpn\misc.c">
      <Filter>src\src\openvpn</Filter>
    </ClCompile>
    <ClCompile Include="src\src\openvpn\mroute.c">
      <Filter>src\src\openvpn</Filter>
    </ClCompile>
    <ClCompile Include="src\src\openvpn\mss.c">
      <Filter>src\src\openvpn</Filter>
    </ClCompile>
    <ClCompile Include="src\src\openvpn\mstats.c">
      <Filter>src\src\openvpn</Filter>
    </ClCompile>
    <ClCompile Include="src\src\openvpn\mtcp.c">
      <Filter>src\src\openvpn</Filter>
    </ClCompile>
    <ClCompile Include="src\src\openvpn\mtu.c">
      <Filter>src\src\openvpn</Filter>
    </ClCompile>
    <ClCompile Include="src\src\openvpn\mudp.c">
      <Filter>src\src\openvpn</Filter>
    </ClCompile>
    <ClCompile Include="src\src\openvpn\multi.c">
      <Filter>src\src\openvpn</Filter>
    </ClCompile>
    <ClCompile Include="src\src\openvpn\networking_iproute2.c">
      <Filter>src\src\openvpn</Filter>
    </ClCompile>
    <ClCompile Include="src\src\openvpn\networking_sitnl.c">
      <Filter>src\src\openvpn</Filter>
    </ClCompile>
    <ClCompile Include="src\src\openvpn\ntlm.c">
      <Filter>src\src\openvpn</Filter>
    </ClCompile>
    <ClCompile Include="src\src\openvpn\occ.c">
      <Filter>src\src\openvpn</Filter>
    </ClCompile>
    <ClCompile Include="src\src\openvpn\openvpn.c">
      <Filter>src\src\openvpn</Filter>
    </ClCompile>
    <ClCompile Include="src\src\openvpn\options.c">
      <Filter>src\src\openvpn</Filter>
    </ClCompile>
    <ClCompile Include="src\src\openvpn\otime.c">
      <Filter>src\src\openvpn</Filter>
    </ClCompile>
    <ClCompile Include="src\src\openvpn\packet_id.c">
      <Filter>src\src\openvpn</Filter>
    </ClCompile>
    <ClCompile Include="src\src\openvpn\perf.c">
      <Filter>src\src\openvpn</Filter>
    </ClCompile>
    <ClCompile Include="src\src\openvpn\pf.c">
      <Filter>src\src\openvpn</Filter>
    </ClCompile>
    <ClCompile Include="src\src\openvpn\ping.c">
      <Filter>src\src\openvpn</Filter>
    </ClCompile>
    <ClCompile Include="src\src\openvpn\pkcs11.c">
      <Filter>src\src\openvpn</Filter>
    </ClCompile>
    <ClCompile Include="src\src\openvpn\pkcs11_mbedtls.c">
      <Filter>src\src\openvpn</Filter>
    </ClCompile>
    <ClCompile Include="src\src\openvpn\pkcs11_openssl.c">
      <Filter>src\src\openvpn</Filter>
    </ClCompile>
    <ClCompile Include="src\src\openvpn\platform.c">
      <Filter>src\src\openvpn</Filter>
    </ClCompile>
    <ClCompile Include="src\src\openvpn\plugin.c">
      <Filter>src\src\openvpn</Filter>
    </ClCompile>
    <ClCompile Include="src\src\openvpn\pool.c">
      <Filter>src\src\openvpn</Filter>
    </ClCompile>
    <ClCompile Include="src\src\openvpn\proto.c">
      <Filter>src\src\openvpn</Filter>
    </ClCompile>
    <ClCompile Include="src\src\openvpn\proxy.c">
      <Filter>src\src\openvpn</Filter>
    </ClCompile>
    <ClCompile Include="src\src\openvpn\ps.c">
      <Filter>src\src\openvpn</Filter>
    </ClCompile>
    <ClCompile Include="src\src\openvpn\push.c">
      <Filter>src\src\openvpn</Filter>
    </ClCompile>
    <ClCompile Include="src\src\openvpn\reliable.c">
      <Filter>src\src\openvpn</Filter>
    </ClCompile>
    <ClCompile Include="src\src\openvpn\route.c">
      <Filter>src\src\openvpn</Filter>
    </ClCompile>
    <ClCompile Include="src\src\openvpn\run_command.c">
      <Filter>src\src\openvpn</Filter>
    </ClCompile>
    <ClCompile Include="src\src\openvpn\schedule.c">
      <Filter>src\src\openvpn</Filter>
    </ClCompile>
    <ClCompile Include="src\src\openvpn\session_id.c">
      <Filter>src\src\openvpn</Filter>
    </ClCompile>
    <ClCompile Include="src\src\openvpn\shaper.c">
      <Filter>src\src\openvpn</Filter>
    </ClCompile>
    <ClCompile Include="src\src\openvpn\sig.c">
      <Filter>src\src\openvpn</Filter>
    </ClCompile>
    <ClCompile Include="src\src\openvpn\socket.c">
      <Filter>src\src\openvpn</Filter>
    </ClCompile>
    <ClCompile Include="src\src\openvpn\socks.c">
      <Filter>src\src\openvpn</Filter>
    </ClCompile>
    <ClCompile Include="src\src\openvpn\ssl.c">
      <Filter>src\src\openvpn</Filter>
    </ClCompile>
    <ClCompile Include="src\src\openvpn\ssl_mbedtls.c">
      <Filter>src\src\openvpn</Filter>
    </ClCompile>
    <ClCompile Include="src\src\openvpn\ssl_ncp.c">
      <Filter>src\src\openvpn</Filter>
    </ClCompile>
    <ClCompile Include="src\src\openvpn\ssl_openssl.c">
      <Filter>src\src\openvpn</Filter>
    </ClCompile>
    <ClCompile Include="src\src\openvpn\ssl_verify.c">
      <Filter>src\src\openvpn</Filter>
    </ClCompile>
    <ClCompile Include="src\src\openvpn\ssl_verify_mbedtls.c">
      <Filter>src\src\openvpn</Filter>
    </ClCompile>
    <ClCompile Include="src\src\openvpn\ssl_verify_openssl.c">
      <Filter>src\src\openvpn</Filter>
    </ClCompile>
    <ClCompile Include="src\src\openvpn\status.c">
      <Filter>src\src\openvpn</Filter>
    </ClCompile>
    <ClCompile Include="src\src\openvpn\tls_crypt.c">
      <Filter>src\src\openvpn</Filter>
    </ClCompile>
    <ClCompile Include="src\src\openvpn\tun.c">
      <Filter>src\src\openvpn</Filter>
    </ClCompile>
    <ClCompile Include="src\src\openvpn\vlan.c">
      <Filter>src\src\openvpn</Filter>
    </ClCompile>
    <ClCompile Include="src\src\openvpn\win32.c">
      <Filter>src\src\openvpn</Filter>
    </ClCompile>
    <ClCompile Include="src\src\openvpnmsica\dllmain.c">
      <Filter>src\src\openvpnmsica</Filter>
    </ClCompile>
    <ClCompile Include="src\src\openvpnmsica\msica_arg.c">
      <Filter>src\src\openvpnmsica</Filter>
    </ClCompile>
    <ClCompile Include="src\src\openvpnmsica\msiex.c">
      <Filter>src\src\openvpnmsica</Filter>
    </ClCompile>
    <ClCompile Include="src\src\openvpnmsica\openvpnmsica.c">
      <Filter>src\src\openvpnmsica</Filter>
    </ClCompile>
    <ClCompile Include="src\src\openvpnserv\automatic.c">
      <Filter>src\src\openvpnserv</Filter>
    </ClCompile>
    <ClCompile Include="src\src\openvpnserv\common.c">
      <Filter>src\src\openvpnserv</Filter>
    </ClCompile>
    <ClCompile Include="src\src\openvpnserv\interactive.c">
      <Filter>src\src\openvpnserv</Filter>
    </ClCompile>
    <ClCompile Include="src\src\openvpnserv\service.c">
      <Filter>src\src\openvpnserv</Filter>
    </ClCompile>
    <ClCompile Include="src\src\openvpnserv\validate.c">
      <Filter>src\src\openvpnserv</Filter>
    </ClCompile>
    <ClCompile Include="src\src\plugins\auth-pam\auth-pam.c">
      <Filter>src\src\plugins\auth-pam</Filter>
    </ClCompile>
    <ClCompile Include="src\src\plugins\auth-pam\pamdl.c">
      <Filter>src\src\plugins\auth-pam</Filter>
    </ClCompile>
    <ClCompile Include="src\src\plugins\auth-pam\utils.c">
      <Filter>src\src\plugins\auth-pam</Filter>
    </ClCompile>
    <ClCompile Include="src\src\plugins\down-root\down-root.c">
      <Filter>src\src\plugins\down-root</Filter>
    </ClCompile>
    <ClCompile Include="src\src\tapctl\error.c">
      <Filter>src\src\tapctl</Filter>
    </ClCompile>
    <ClCompile Include="src\src\tapctl\main.c">
      <Filter>src\src\tapctl</Filter>
    </ClCompile>
    <ClCompile Include="src\src\tapctl\tap.c">
      <Filter>src\src\tapctl</Filter>
    </ClCompile>
    <ClCompile Include="src\tests\unit_tests\engine-key\libtestengine.c">
      <Filter>src\tests\unit_tests\engine-key</Filter>
    </ClCompile>
    <ClCompile Include="src\tests\unit_tests\example_test\test.c">
      <Filter>src\tests\unit_tests\example_test</Filter>
    </ClCompile>
    <ClCompile Include="src\tests\unit_tests\example_test\test2.c">
      <Filter>src\tests\unit_tests\example_test</Filter>
    </ClCompile>
    <ClCompile Include="src\tests\unit_tests\openvpn\mock_get_random.c">
      <Filter>src\tests\unit_tests\openvpn</Filter>
    </ClCompile>
    <ClCompile Include="src\tests\unit_tests\openvpn\mock_msg.c">
      <Filter>src\tests\unit_tests\openvpn</Filter>
    </ClCompile>
    <ClCompile Include="src\tests\unit_tests\openvpn\test_argv.c">
      <Filter>src\tests\unit_tests\openvpn</Filter>
    </ClCompile>
    <ClCompile Include="src\tests\unit_tests\openvpn\test_auth_token.c">
      <Filter>src\tests\unit_tests\openvpn</Filter>
    </ClCompile>
    <ClCompile Include="src\tests\unit_tests\openvpn\test_buffer.c">
      <Filter>src\tests\unit_tests\openvpn</Filter>
    </ClCompile>
    <ClCompile Include="src\tests\unit_tests\openvpn\test_crypto.c">
      <Filter>src\tests\unit_tests\openvpn</Filter>
    </ClCompile>
    <ClCompile Include="src\tests\unit_tests\openvpn\test_ncp.c">
      <Filter>src\tests\unit_tests\openvpn</Filter>
    </ClCompile>
    <ClCompile Include="src\tests\unit_tests\openvpn\test_networking.c">
      <Filter>src\tests\unit_tests\openvpn</Filter>
    </ClCompile>
    <ClCompile Include="src\tests\unit_tests\openvpn\test_packet_id.c">
      <Filter>src\tests\unit_tests\openvpn</Filter>
    </ClCompile>
    <ClCompile Include="src\tests\unit_tests\openvpn\test_tls_crypt.c">
      <Filter>src\tests\unit_tests\openvpn</Filter>
    </ClCompile>
    <ClCompile Include="src\tests\unit_tests\plugins\auth-pam\test_search_and_replace.c">
      <Filter>src\tests\unit_tests\plugins\auth-pam</Filter>
    </ClCompile>

  </ItemGroup>
  <ItemGroup>
    <None Include="src\.github\workflows\build.yaml">
      <Filter>src\.github\workflows</Filter>
    </None>
    <None Include="src\.github\PULL_REQUEST_TEMPLATE.md">
      <Filter>src\.github</Filter>
    </None>
    <None Include="src\.travis\build-check.sh">
      <Filter>src\.travis</Filter>
    </None>
    <None Include="src\.travis\build-deps.sh">
      <Filter>src\.travis</Filter>
    </None>
    <None Include="src\.travis\coverity.sh">
      <Filter>src\.travis</Filter>
    </None>
    <None Include="src\build\msvc\msvc-generate\Makefile.am">
      <Filter>src\build\msvc\msvc-generate</Filter>
    </None>
    <None Include="src\build\msvc\msvc-generate\Makefile.mak">
      <Filter>src\build\msvc\msvc-generate</Filter>
    </None>
    <None Include="src\build\msvc\msvc-generate\msvc-generate.js">
      <Filter>src\build\msvc\msvc-generate</Filter>
    </None>
    <None Include="src\build\msvc\msvc-generate\msvc-generate.vcxproj">
      <Filter>src\build\msvc\msvc-generate</Filter>
    </None>
    <None Include="src\build\msvc\msvc-generate\version.m4.in">
      <Filter>src\build\msvc\msvc-generate</Filter>
    </None>
    <None Include="src\build\msvc\Makefile.am">
      <Filter>src\build\msvc</Filter>
    </None>
    <None Include="src\build\ltrc.inc">
      <Filter>src\build</Filter>
    </None>
    <None Include="src\build\Makefile.am">
      <Filter>src\build</Filter>
    </None>
    <None Include="src\contrib\OCSP_check\OCSP_check.sh">
      <Filter>src\contrib\OCSP_check</Filter>
    </None>
    <None Include="src\contrib\openvpn-fwmarkroute-1.00\fwmarkroute.down">
      <Filter>src\contrib\openvpn-fwmarkroute-1.00</Filter>
    </None>
    <None Include="src\contrib\openvpn-fwmarkroute-1.00\fwmarkroute.up">
      <Filter>src\contrib\openvpn-fwmarkroute-1.00</Filter>
    </None>
    <None Include="src\contrib\openvpn-fwmarkroute-1.00\README">
      <Filter>src\contrib\openvpn-fwmarkroute-1.00</Filter>
    </None>
    <None Include="src\contrib\pull-resolv-conf\client.down">
      <Filter>src\contrib\pull-resolv-conf</Filter>
    </None>
    <None Include="src\contrib\pull-resolv-conf\client.up">
      <Filter>src\contrib\pull-resolv-conf</Filter>
    </None>
    <None Include="src\contrib\vcpkg-ports\openssl\windows\portfile.cmake">
      <Filter>src\contrib\vcpkg-ports\openssl\windows</Filter>
    </None>
    <None Include="src\contrib\vcpkg-ports\openssl\install-pc-files.cmake">
      <Filter>src\contrib\vcpkg-ports\openssl</Filter>
    </None>
    <None Include="src\contrib\vcpkg-ports\openssl\openssl.pc.in">
      <Filter>src\contrib\vcpkg-ports\openssl</Filter>
    </None>
    <None Include="src\contrib\vcpkg-ports\openssl\portfile.cmake">
      <Filter>src\contrib\vcpkg-ports\openssl</Filter>
    </None>
    <None Include="src\contrib\vcpkg-ports\openssl\usage">
      <Filter>src\contrib\vcpkg-ports\openssl</Filter>
    </None>
    <None Include="src\contrib\vcpkg-ports\openssl\vcpkg.json">
      <Filter>src\contrib\vcpkg-ports\openssl</Filter>
    </None>
    <None Include="src\contrib\vcpkg-ports\openssl\vcpkg-cmake-wrapper.cmake.in">
      <Filter>src\contrib\vcpkg-ports\openssl</Filter>
    </None>
    <None Include="src\contrib\vcpkg-ports\pkcs11-helper\0001-nmake-compatibility-with-vcpkg-nmake.patch">
      <Filter>src\contrib\vcpkg-ports\pkcs11-helper</Filter>
    </None>
    <None Include="src\contrib\vcpkg-ports\pkcs11-helper\0002-pkcs11.h-rename-interface-parameter.patch">
      <Filter>src\contrib\vcpkg-ports\pkcs11-helper</Filter>
    </None>
    <None Include="src\contrib\vcpkg-ports\pkcs11-helper\0003-config-w32-vc.h.in-indicate-OpenSSL-EC-support.patch">
      <Filter>src\contrib\vcpkg-ports\pkcs11-helper</Filter>
    </None>
    <None Include="src\contrib\vcpkg-ports\pkcs11-helper\CONTROL">
      <Filter>src\contrib\vcpkg-ports\pkcs11-helper</Filter>
    </None>
    <None Include="src\contrib\vcpkg-ports\pkcs11-helper\pkcs11-helper-001-RFC7512.patch">
      <Filter>src\contrib\vcpkg-ports\pkcs11-helper</Filter>
    </None>
    <None Include="src\contrib\vcpkg-ports\pkcs11-helper\portfile.cmake">
      <Filter>src\contrib\vcpkg-ports\pkcs11-helper</Filter>
    </None>
    <None Include="src\contrib\vcpkg-triplets\arm64-windows-ovpn.cmake">
      <Filter>src\contrib\vcpkg-triplets</Filter>
    </None>
    <None Include="src\contrib\vcpkg-triplets\x64-windows-ovpn.cmake">
      <Filter>src\contrib\vcpkg-triplets</Filter>
    </None>
    <None Include="src\contrib\vcpkg-triplets\x86-windows-ovpn.cmake">
      <Filter>src\contrib\vcpkg-triplets</Filter>
    </None>
    <None Include="src\contrib\multilevel-init.patch">
      <Filter>src\contrib</Filter>
    </None>
    <None Include="src\contrib\README">
      <Filter>src\contrib</Filter>
    </None>
    <None Include="src\debug\doval">
      <Filter>src\debug</Filter>
    </None>
    <None Include="src\debug\dovalns">
      <Filter>src\debug</Filter>
    </None>
    <None Include="src\debug\valgrind-suppress">
      <Filter>src\debug</Filter>
    </None>
    <None Include="src\dev-tools\reformat-patches\after_include_openvpn-plugin.h.in.patch">
      <Filter>src\dev-tools\reformat-patches</Filter>
    </None>
    <None Include="src\dev-tools\reformat-patches\before_include_openvpn-plugin.h.in.patch">
      <Filter>src\dev-tools\reformat-patches</Filter>
    </None>
    <None Include="src\dev-tools\gen-release-tarballs.sh">
      <Filter>src\dev-tools</Filter>
    </None>
    <None Include="src\dev-tools\lz4-rebaser.sh">
      <Filter>src\dev-tools</Filter>
    </None>
    <None Include="src\dev-tools\reformat-all.sh">
      <Filter>src\dev-tools</Filter>
    </None>
    <None Include="src\dev-tools\special-files.lst">
      <Filter>src\dev-tools</Filter>
    </None>
    <None Include="src\dev-tools\uncrustify.conf">
      <Filter>src\dev-tools</Filter>
    </None>
    <None Include="src\dev-tools\update-copyright.sh">
      <Filter>src\dev-tools</Filter>
    </None>
    <None Include="src\distro\systemd\Makefile.am">
      <Filter>src\distro\systemd</Filter>
    </None>
    <None Include="src\distro\systemd\openvpn-client@.service.in">
      <Filter>src\distro\systemd</Filter>
    </None>
    <None Include="src\distro\systemd\openvpn-server@.service.in">
      <Filter>src\distro\systemd</Filter>
    </None>
    <None Include="src\distro\systemd\README.systemd">
      <Filter>src\distro\systemd</Filter>
    </None>
    <None Include="src\distro\systemd\tmpfiles-openvpn.conf">
      <Filter>src\distro\systemd</Filter>
    </None>
    <None Include="src\distro\Makefile.am">
      <Filter>src\distro</Filter>
    </None>
    <None Include="src\doc\doxygen\Makefile.am">
      <Filter>src\doc\doxygen</Filter>
    </None>
    <None Include="src\doc\doxygen\openvpn.doxyfile.in">
      <Filter>src\doc\doxygen</Filter>
    </None>
    <None Include="src\doc\man-sections\advanced-options.rst">
      <Filter>src\doc\man-sections</Filter>
    </None>
    <None Include="src\doc\man-sections\cipher-negotiation.rst">
      <Filter>src\doc\man-sections</Filter>
    </None>
    <None Include="src\doc\man-sections\client-options.rst">
      <Filter>src\doc\man-sections</Filter>
    </None>
    <None Include="src\doc\man-sections\connection-profiles.rst">
      <Filter>src\doc\man-sections</Filter>
    </None>
    <None Include="src\doc\man-sections\encryption-options.rst">
      <Filter>src\doc\man-sections</Filter>
    </None>
    <None Include="src\doc\man-sections\examples.rst">
      <Filter>src\doc\man-sections</Filter>
    </None>
    <None Include="src\doc\man-sections\generic-options.rst">
      <Filter>src\doc\man-sections</Filter>
    </None>
    <None Include="src\doc\man-sections\inline-files.rst">
      <Filter>src\doc\man-sections</Filter>
    </None>
    <None Include="src\doc\man-sections\link-options.rst">
      <Filter>src\doc\man-sections</Filter>
    </None>
    <None Include="src\doc\man-sections\log-options.rst">
      <Filter>src\doc\man-sections</Filter>
    </None>
    <None Include="src\doc\man-sections\management-options.rst">
      <Filter>src\doc\man-sections</Filter>
    </None>
    <None Include="src\doc\man-sections\network-config.rst">
      <Filter>src\doc\man-sections</Filter>
    </None>
    <None Include="src\doc\man-sections\pkcs11-options.rst">
      <Filter>src\doc\man-sections</Filter>
    </None>
    <None Include="src\doc\man-sections\plugin-options.rst">
      <Filter>src\doc\man-sections</Filter>
    </None>
    <None Include="src\doc\man-sections\protocol-options.rst">
      <Filter>src\doc\man-sections</Filter>
    </None>
    <None Include="src\doc\man-sections\proxy-options.rst">
      <Filter>src\doc\man-sections</Filter>
    </None>
    <None Include="src\doc\man-sections\renegotiation.rst">
      <Filter>src\doc\man-sections</Filter>
    </None>
    <None Include="src\doc\man-sections\script-options.rst">
      <Filter>src\doc\man-sections</Filter>
    </None>
    <None Include="src\doc\man-sections\server-options.rst">
      <Filter>src\doc\man-sections</Filter>
    </None>
    <None Include="src\doc\man-sections\signals.rst">
      <Filter>src\doc\man-sections</Filter>
    </None>
    <None Include="src\doc\man-sections\tls-options.rst">
      <Filter>src\doc\man-sections</Filter>
    </None>
    <None Include="src\doc\man-sections\unsupported-options.rst">
      <Filter>src\doc\man-sections</Filter>
    </None>
    <None Include="src\doc\man-sections\virtual-routing-and-forwarding.rst">
      <Filter>src\doc\man-sections</Filter>
    </None>
    <None Include="src\doc\man-sections\vpn-network-options.rst">
      <Filter>src\doc\man-sections</Filter>
    </None>
    <None Include="src\doc\man-sections\windows-options.rst">
      <Filter>src\doc\man-sections</Filter>
    </None>
    <None Include="src\doc\tests\authentication-plugins.md">
      <Filter>src\doc\tests</Filter>
    </None>
    <None Include="src\doc\android.txt">
      <Filter>src\doc</Filter>
    </None>
    <None Include="src\doc\gui-notes.txt">
      <Filter>src\doc</Filter>
    </None>
    <None Include="src\doc\interactive-service-notes.rst">
      <Filter>src\doc</Filter>
    </None>
    <None Include="src\doc\keying-material-exporter.txt">
      <Filter>src\doc</Filter>
    </None>
    <None Include="src\doc\Makefile.am">
      <Filter>src\doc</Filter>
    </None>
    <None Include="src\doc\management-notes.txt">
      <Filter>src\doc</Filter>
    </None>
    <None Include="src\doc\openvpn.8.rst">
      <Filter>src\doc</Filter>
    </None>
    <None Include="src\doc\openvpn-examples.5.rst">
      <Filter>src\doc</Filter>
    </None>
    <None Include="src\doc\README.man">
      <Filter>src\doc</Filter>
    </None>
    <None Include="src\doc\README.plugins">
      <Filter>src\doc</Filter>
    </None>
    <None Include="src\doc\tls-crypt-v2.txt">
      <Filter>src\doc</Filter>
    </None>
    <None Include="src\include\Makefile.am">
      <Filter>src\include</Filter>
    </None>
    <None Include="src\include\openvpn-plugin.h.in">
      <Filter>src\include</Filter>
    </None>
    <None Include="src\m4\.keep">
      <Filter>src\m4</Filter>
    </None>
    <None Include="src\m4\ax_emptyarray.m4">
      <Filter>src\m4</Filter>
    </None>
    <None Include="src\m4\ax_socklen_t.m4">
      <Filter>src\m4</Filter>
    </None>
    <None Include="src\m4\ax_varargs.m4">
      <Filter>src\m4</Filter>
    </None>
    <None Include="src\m4\pkg.m4">
      <Filter>src\m4</Filter>
    </None>
    <None Include="src\sample\sample-config-files\client.conf">
      <Filter>src\sample\sample-config-files</Filter>
    </None>
    <None Include="src\sample\sample-config-files\firewall.sh">
      <Filter>src\sample\sample-config-files</Filter>
    </None>
    <None Include="src\sample\sample-config-files\home.up">
      <Filter>src\sample\sample-config-files</Filter>
    </None>
    <None Include="src\sample\sample-config-files\loopback-client">
      <Filter>src\sample\sample-config-files</Filter>
    </None>
    <None Include="src\sample\sample-config-files\loopback-server">
      <Filter>src\sample\sample-config-files</Filter>
    </None>
    <None Include="src\sample\sample-config-files\office.up">
      <Filter>src\sample\sample-config-files</Filter>
    </None>
    <None Include="src\sample\sample-config-files\openvpn-shutdown.sh">
      <Filter>src\sample\sample-config-files</Filter>
    </None>
    <None Include="src\sample\sample-config-files\openvpn-startup.sh">
      <Filter>src\sample\sample-config-files</Filter>
    </None>
    <None Include="src\sample\sample-config-files\README">
      <Filter>src\sample\sample-config-files</Filter>
    </None>
    <None Include="src\sample\sample-config-files\server.conf">
      <Filter>src\sample\sample-config-files</Filter>
    </None>
    <None Include="src\sample\sample-config-files\tls-home.conf">
      <Filter>src\sample\sample-config-files</Filter>
    </None>
    <None Include="src\sample\sample-config-files\tls-office.conf">
      <Filter>src\sample\sample-config-files</Filter>
    </None>
    <None Include="src\sample\sample-config-files\xinetd-client-config">
      <Filter>src\sample\sample-config-files</Filter>
    </None>
    <None Include="src\sample\sample-config-files\xinetd-server-config">
      <Filter>src\sample\sample-config-files</Filter>
    </None>
    <None Include="src\sample\sample-keys\ca.crt">
      <Filter>src\sample\sample-keys</Filter>
    </None>
    <None Include="src\sample\sample-keys\ca.key">
      <Filter>src\sample\sample-keys</Filter>
    </None>
    <None Include="src\sample\sample-keys\client.crt">
      <Filter>src\sample\sample-keys</Filter>
    </None>
    <None Include="src\sample\sample-keys\client.key">
      <Filter>src\sample\sample-keys</Filter>
    </None>
    <None Include="src\sample\sample-keys\client.p12">
      <Filter>src\sample\sample-keys</Filter>
    </None>
    <None Include="src\sample\sample-keys\client-ec.crt">
      <Filter>src\sample\sample-keys</Filter>
    </None>
    <None Include="src\sample\sample-keys\client-ec.key">
      <Filter>src\sample\sample-keys</Filter>
    </None>
    <None Include="src\sample\sample-keys\client-pass.key">
      <Filter>src\sample\sample-keys</Filter>
    </None>
    <None Include="src\sample\sample-keys\dh2048.pem">
      <Filter>src\sample\sample-keys</Filter>
    </None>
    <None Include="src\sample\sample-keys\gen-sample-keys.sh">
      <Filter>src\sample\sample-keys</Filter>
    </None>
    <None Include="src\sample\sample-keys\openssl.cnf">
      <Filter>src\sample\sample-keys</Filter>
    </None>
    <None Include="src\sample\sample-keys\README">
      <Filter>src\sample\sample-keys</Filter>
    </None>
    <None Include="src\sample\sample-keys\server.crt">
      <Filter>src\sample\sample-keys</Filter>
    </None>
    <None Include="src\sample\sample-keys\server.key">
      <Filter>src\sample\sample-keys</Filter>
    </None>
    <None Include="src\sample\sample-keys\server-ec.crt">
      <Filter>src\sample\sample-keys</Filter>
    </None>
    <None Include="src\sample\sample-keys\server-ec.key">
      <Filter>src\sample\sample-keys</Filter>
    </None>
    <None Include="src\sample\sample-keys\ta.key">
      <Filter>src\sample\sample-keys</Filter>
    </None>
    <None Include="src\sample\sample-plugins\client-connect\README">
      <Filter>src\sample\sample-plugins\client-connect</Filter>
    </None>
    <None Include="src\sample\sample-plugins\defer\simple.def">
      <Filter>src\sample\sample-plugins\defer</Filter>
    </None>
    <None Include="src\sample\sample-plugins\defer\winbuild">
      <Filter>src\sample\sample-plugins\defer</Filter>
    </None>
    <None Include="src\sample\sample-plugins\keying-material-exporter-demo\client.ovpn">
      <Filter>src\sample\sample-plugins\keying-material-exporter-demo</Filter>
    </None>
    <None Include="src\sample\sample-plugins\keying-material-exporter-demo\http-client.py">
      <Filter>src\sample\sample-plugins\keying-material-exporter-demo</Filter>
    </None>
    <None Include="src\sample\sample-plugins\keying-material-exporter-demo\http-server.py">
      <Filter>src\sample\sample-plugins\keying-material-exporter-demo</Filter>
    </None>
    <None Include="src\sample\sample-plugins\keying-material-exporter-demo\README">
      <Filter>src\sample\sample-plugins\keying-material-exporter-demo</Filter>
    </None>
    <None Include="src\sample\sample-plugins\keying-material-exporter-demo\server.ovpn">
      <Filter>src\sample\sample-plugins\keying-material-exporter-demo</Filter>
    </None>
    <None Include="src\sample\sample-plugins\log\winbuild">
      <Filter>src\sample\sample-plugins\log</Filter>
    </None>
    <None Include="src\sample\sample-plugins\simple\simple.def">
      <Filter>src\sample\sample-plugins\simple</Filter>
    </None>
    <None Include="src\sample\sample-plugins\simple\winbuild">
      <Filter>src\sample\sample-plugins\simple</Filter>
    </None>
    <None Include="src\sample\sample-plugins\Makefile.am">
      <Filter>src\sample\sample-plugins</Filter>
    </None>
    <None Include="src\sample\sample-plugins\Makefile.plugins">
      <Filter>src\sample\sample-plugins</Filter>
    </None>
    <None Include="src\sample\sample-plugins\README">
      <Filter>src\sample\sample-plugins</Filter>
    </None>
    <None Include="src\sample\sample-scripts\auth-pam.pl">
      <Filter>src\sample\sample-scripts</Filter>
    </None>
    <None Include="src\sample\sample-scripts\bridge-start">
      <Filter>src\sample\sample-scripts</Filter>
    </None>
    <None Include="src\sample\sample-scripts\bridge-stop">
      <Filter>src\sample\sample-scripts</Filter>
    </None>
    <None Include="src\sample\sample-scripts\ucn.pl">
      <Filter>src\sample\sample-scripts</Filter>
    </None>
    <None Include="src\sample\sample-scripts\verify-cn">
      <Filter>src\sample\sample-scripts</Filter>
    </None>
    <None Include="src\sample\sample-windows\sample.ovpn">
      <Filter>src\sample\sample-windows</Filter>
    </None>
    <None Include="src\sample\Makefile.am">
      <Filter>src\sample</Filter>
    </None>
    <None Include="src\src\compat\compat.vcxproj">
      <Filter>src\src\compat</Filter>
    </None>
    <None Include="src\src\compat\compat.vcxproj.filters">
      <Filter>src\src\compat</Filter>
    </None>
    <None Include="src\src\compat\Debug.props">
      <Filter>src\src\compat</Filter>
    </None>
    <None Include="src\src\compat\Makefile.am">
      <Filter>src\src\compat</Filter>
    </None>
    <None Include="src\src\compat\PropertySheet.props">
      <Filter>src\src\compat</Filter>
    </None>
    <None Include="src\src\compat\Release.props">
      <Filter>src\src\compat</Filter>
    </None>
    <None Include="src\src\openvpn\Makefile.am">
      <Filter>src\src\openvpn</Filter>
    </None>
    <None Include="src\src\openvpn\openvpn.manifest">
      <Filter>src\src\openvpn</Filter>
    </None>
    <None Include="src\src\openvpn\openvpn.vcxproj">
      <Filter>src\src\openvpn</Filter>
    </None>
    <None Include="src\src\openvpn\openvpn.vcxproj.filters">
      <Filter>src\src\openvpn</Filter>
    </None>
    <None Include="src\src\openvpn\openvpn_win32_resources.rc">
      <Filter>src\src\openvpn</Filter>
    </None>
    <None Include="src\src\openvpnmsica\Makefile.am">
      <Filter>src\src\openvpnmsica</Filter>
    </None>
    <None Include="src\src\openvpnmsica\openvpnmsica.props">
      <Filter>src\src\openvpnmsica</Filter>
    </None>
    <None Include="src\src\openvpnmsica\openvpnmsica.vcxproj">
      <Filter>src\src\openvpnmsica</Filter>
    </None>
    <None Include="src\src\openvpnmsica\openvpnmsica.vcxproj.filters">
      <Filter>src\src\openvpnmsica</Filter>
    </None>
    <None Include="src\src\openvpnmsica\openvpnmsica_resources.rc">
      <Filter>src\src\openvpnmsica</Filter>
    </None>
    <None Include="src\src\openvpnmsica\openvpnmsica-Debug.props">
      <Filter>src\src\openvpnmsica</Filter>
    </None>
    <None Include="src\src\openvpnmsica\openvpnmsica-Release.props">
      <Filter>src\src\openvpnmsica</Filter>
    </None>
    <None Include="src\src\openvpnserv\Makefile.am">
      <Filter>src\src\openvpnserv</Filter>
    </None>
    <None Include="src\src\openvpnserv\openvpnserv.vcxproj">
      <Filter>src\src\openvpnserv</Filter>
    </None>
    <None Include="src\src\openvpnserv\openvpnserv.vcxproj.filters">
      <Filter>src\src\openvpnserv</Filter>
    </None>
    <None Include="src\src\openvpnserv\openvpnserv_resources.rc">
      <Filter>src\src\openvpnserv</Filter>
    </None>
    <None Include="src\src\plugins\auth-pam\auth-pam.exports">
      <Filter>src\src\plugins\auth-pam</Filter>
    </None>
    <None Include="src\src\plugins\auth-pam\Makefile.am">
      <Filter>src\src\plugins\auth-pam</Filter>
    </None>
    <None Include="src\src\plugins\auth-pam\README.auth-pam">
      <Filter>src\src\plugins\auth-pam</Filter>
    </None>
    <None Include="src\src\plugins\down-root\down-root.exports">
      <Filter>src\src\plugins\down-root</Filter>
    </None>
    <None Include="src\src\plugins\down-root\Makefile.am">
      <Filter>src\src\plugins\down-root</Filter>
    </None>
    <None Include="src\src\plugins\down-root\README.down-root">
      <Filter>src\src\plugins\down-root</Filter>
    </None>
    <None Include="src\src\plugins\Makefile.am">
      <Filter>src\src\plugins</Filter>
    </None>
    <None Include="src\src\tapctl\Makefile.am">
      <Filter>src\src\tapctl</Filter>
    </None>
    <None Include="src\src\tapctl\tapctl.exe.manifest">
      <Filter>src\src\tapctl</Filter>
    </None>
    <None Include="src\src\tapctl\tapctl.props">
      <Filter>src\src\tapctl</Filter>
    </None>
    <None Include="src\src\tapctl\tapctl.vcxproj">
      <Filter>src\src\tapctl</Filter>
    </None>
    <None Include="src\src\tapctl\tapctl.vcxproj.filters">
      <Filter>src\src\tapctl</Filter>
    </None>
    <None Include="src\src\tapctl\tapctl_resources.rc">
      <Filter>src\src\tapctl</Filter>
    </None>
    <None Include="src\src\Makefile.am">
      <Filter>src\src</Filter>
    </None>
    <None Include="src\tests\unit_tests\engine-key\check_engine_keys.sh">
      <Filter>src\tests\unit_tests\engine-key</Filter>
    </None>
    <None Include="src\tests\unit_tests\engine-key\Makefile.am">
      <Filter>src\tests\unit_tests\engine-key</Filter>
    </None>
    <None Include="src\tests\unit_tests\engine-key\openssl.cnf.in">
      <Filter>src\tests\unit_tests\engine-key</Filter>
    </None>
    <None Include="src\tests\unit_tests\example_test\Makefile.am">
      <Filter>src\tests\unit_tests\example_test</Filter>
    </None>
    <None Include="src\tests\unit_tests\example_test\README.md">
      <Filter>src\tests\unit_tests\example_test</Filter>
    </None>
    <None Include="src\tests\unit_tests\openvpn\Makefile.am">
      <Filter>src\tests\unit_tests\openvpn</Filter>
    </None>
    <None Include="src\tests\unit_tests\plugins\auth-pam\Makefile.am">
      <Filter>src\tests\unit_tests\plugins\auth-pam</Filter>
    </None>
    <None Include="src\tests\unit_tests\plugins\Makefile.am">
      <Filter>src\tests\unit_tests\plugins</Filter>
    </None>
    <None Include="src\tests\unit_tests\Makefile.am">
      <Filter>src\tests\unit_tests</Filter>
    </None>
    <None Include="src\tests\unit_tests\README.md">
      <Filter>src\tests\unit_tests</Filter>
    </None>
    <None Include="src\tests\Makefile.am">
      <Filter>src\tests</Filter>
    </None>
    <None Include="src\tests\t_client.rc-sample">
      <Filter>src\tests</Filter>
    </None>
    <None Include="src\tests\t_client.sh.in">
      <Filter>src\tests</Filter>
    </None>
    <None Include="src\tests\t_cltsrv.sh">
      <Filter>src\tests</Filter>
    </None>
    <None Include="src\tests\t_cltsrv-down.sh">
      <Filter>src\tests</Filter>
    </None>
    <None Include="src\tests\t_lpback.sh">
      <Filter>src\tests</Filter>
    </None>
    <None Include="src\tests\t_net.sh">
      <Filter>src\tests</Filter>
    </None>
    <None Include="src\tests\update_t_client_ips.sh">
      <Filter>src\tests</Filter>
    </None>
    <None Include="src\.gitattributes">
      <Filter>src</Filter>
    </None>
    <None Include="src\.git-blame-ignore-revs">
      <Filter>src</Filter>
    </None>
    <None Include="src\.gitignore">
      <Filter>src</Filter>
    </None>
    <None Include="src\.mailmap">
      <Filter>src</Filter>
    </None>
    <None Include="src\.svncommitters">
      <Filter>src</Filter>
    </None>
    <None Include="src\.travis.yml">
      <Filter>src</Filter>
    </None>
    <None Include="src\AUTHORS">
      <Filter>src</Filter>
    </None>
    <None Include="src\ChangeLog">
      <Filter>src</Filter>
    </None>
    <None Include="src\Changes.rst">
      <Filter>src</Filter>
    </None>
    <None Include="src\compat.m4">
      <Filter>src</Filter>
    </None>
    <None Include="src\config-msvc-version.h.in">
      <Filter>src</Filter>
    </None>
    <None Include="src\configure.ac">
      <Filter>src</Filter>
    </None>
    <None Include="src\CONTRIBUTING.rst">
      <Filter>src</Filter>
    </None>
    <None Include="src\COPYING">
      <Filter>src</Filter>
    </None>
    <None Include="src\COPYRIGHT.GPL">
      <Filter>src</Filter>
    </None>
    <None Include="src\INSTALL">
      <Filter>src</Filter>
    </None>
    <None Include="src\Makefile.am">
      <Filter>src</Filter>
    </None>
    <None Include="src\NEWS">
      <Filter>src</Filter>
    </None>
    <None Include="src\openvpn.sln">
      <Filter>src</Filter>
    </None>
    <None Include="src\PORTS">
      <Filter>src</Filter>
    </None>
    <None Include="src\README">
      <Filter>src</Filter>
    </None>
    <None Include="src\README.ec">
      <Filter>src</Filter>
    </None>
    <None Include="src\README.IPv6">
      <Filter>src</Filter>
    </None>
    <None Include="src\README.mbedtls">
      <Filter>src</Filter>
    </None>
    <None Include="src\TODO.IPv6">
      <Filter>src</Filter>
    </None>
    <None Include="src\version.m4">
      <Filter>src</Filter>
    </None>
    <None Include="src\version.sh.in">
      <Filter>src</Filter>
    </None>

  </ItemGroup>
</Project>
